
Microsoft Visual Studio Solution File, Format Version 12.00
# Visual Studio Version 16
VisualStudioVersion = 16.0.32901.82
MinimumVisualStudioVersion = 10.0.40219.1
Project("{FAE04EC0-301F-11D3-BF4B-00C04F79EFBC}") = "Schad.DAL", "Schad.DAL\Schad.DAL.csproj", "{DDC7F04B-0715-4821-AD5A-18EB9B51815A}"
EndProject
Project("{FAE04EC0-301F-11D3-BF4B-00C04F79EFBC}") = "Schad.Models", "Schad.Models\Schad.Models.csproj", "{23F99665-1CB8-46BD-A95C-C597BF41530E}"
EndProject
Project("{FAE04EC0-301F-11D3-BF4B-00C04F79EFBC}") = "Schad.Web", "Schad.Web\Schad.Web.csproj", "{99F21127-054C-4B62-93E9-3C8872961FE2}"
EndProject
Global
	GlobalSection(SolutionConfigurationPlatforms) = preSolution
		Debug|Any CPU = Debug|Any CPU
		Release|Any CPU = Release|Any CPU
	EndGlobalSection
	GlobalSection(ProjectConfigurationPlatforms) = postSolution
		{DDC7F04B-0715-4821-AD5A-18EB9B51815A}.Debug|Any CPU.ActiveCfg = Debug|Any CPU
		{DDC7F04B-0715-4821-AD5A-18EB9B51815A}.Debug|Any CPU.Build.0 = Debug|Any CPU
		{DDC7F04B-0715-4821-AD5A-18EB9B51815A}.Release|Any CPU.ActiveCfg = Release|Any CPU
		{DDC7F04B-0715-4821-AD5A-18EB9B51815A}.Release|Any CPU.Build.0 = Release|Any CPU
		{23F99665-1CB8-46BD-A95C-C597BF41530E}.Debug|Any CPU.ActiveCfg = Debug|Any CPU
		{23F99665-1CB8-46BD-A95C-C597BF41530E}.Debug|Any CPU.Build.0 = Debug|Any CPU
		{23F99665-1CB8-46BD-A95C-C597BF41530E}.Release|Any CPU.ActiveCfg = Release|Any CPU
		{23F99665-1CB8-46BD-A95C-C597BF41530E}.Release|Any CPU.Build.0 = Release|Any CPU
		{99F21127-054C-4B62-93E9-3C8872961FE2}.Debug|Any CPU.ActiveCfg = Debug|Any CPU
		{99F21127-054C-4B62-93E9-3C8872961FE2}.Debug|Any CPU.Build.0 = Debug|Any CPU
		{99F21127-054C-4B62-93E9-3C8872961FE2}.Release|Any CPU.ActiveCfg = Release|Any CPU
		{99F21127-054C-4B62-93E9-3C8872961FE2}.Release|Any CPU.Build.0 = Release|Any CPU
	EndGlobalSection
	GlobalSection(SolutionProperties) = preSolution
		HideSolutionNode = FALSE
	EndGlobalSection
	GlobalSection(ExtensibilityGlobals) = postSolution
		SolutionGuid = {3DA087EE-D708-4399-A9E3-8C8BC4476044}
	EndGlobalSection
EndGlobal
